
Microsoft Visual Studio Solution File, Format Version 12.00
# Visual Studio Version 16
VisualStudioVersion = 16.0.30621.155
MinimumVisualStudioVersion = 10.0.40219.1
Project("{2150E333-8FDC-42A3-9474-1A3956D46DE8}") = "Presentation", "Presentation", "{1410B6DA-BD10-4DAA-99F8-DD7AF0A22D17}"
EndProject
Project("{9A19103F-16F7-4668-BE54-9A1E7A4F7556}") = "TodoWebApiDDD.API", "TodoWebApiDDD\TodoWebApiDDD.API.csproj", "{F9CFA41D-E5FF-43A5-8CD4-59731B7A22FA}"
EndProject
Project("{2150E333-8FDC-42A3-9474-1A3956D46DE8}") = "Domain", "Domain", "{E075DA53-8E4B-4195-BFB9-F37E46855232}"
EndProject
Project("{9A19103F-16F7-4668-BE54-9A1E7A4F7556}") = "TodoWebApiDDD.Domain", "TodoWebApiDDD.Domain\TodoWebApiDDD.Domain.csproj", "{DC76B81D-A758-4E0A-B545-8B8BA02C00A9}"
EndProject
Project("{9A19103F-16F7-4668-BE54-9A1E7A4F7556}") = "TodoWebApiDDD.Domain.Core", "TodoWebApiDDD.Domain.Core\TodoWebApiDDD.Domain.Core.csproj", "{DBFC2108-F8D4-4FCC-BCB5-CFDF24794967}"
EndProject
Project("{9A19103F-16F7-4668-BE54-9A1E7A4F7556}") = "TodoWebApiDDD.Domain.Service", "TodoWebApiDDD.Domain.Service\TodoWebApiDDD.Domain.Service.csproj", "{BEBA78F8-0A42-41D8-89CC-9A5AF60B1E19}"
EndProject
Project("{2150E333-8FDC-42A3-9474-1A3956D46DE8}") = "Application", "Application", "{C0673F56-790E-4A86-84ED-84D6F526F79E}"
EndProject
Project("{9A19103F-16F7-4668-BE54-9A1E7A4F7556}") = "TodoWebApiDDD.Application", "TodoWebApiDDD.Application\TodoWebApiDDD.Application.csproj", "{4DCA8F78-75E8-4769-8B3B-10DE6DE212EC}"
EndProject
Project("{9A19103F-16F7-4668-BE54-9A1E7A4F7556}") = "TodoWebApiDDD.Application.DTO", "TodoWebApiDDD.Application.DTO\TodoWebApiDDD.Application.DTO.csproj", "{D9E34A27-98BB-4737-B38D-D63AE2B4C038}"
EndProject
Project("{2150E333-8FDC-42A3-9474-1A3956D46DE8}") = "Infrastructure", "Infrastructure", "{76399DD8-A529-4968-80B6-3027567B509F}"
EndProject
Project("{2150E333-8FDC-42A3-9474-1A3956D46DE8}") = "Data", "Data", "{21EF11D4-7087-4B4F-8A4F-30A1D959F8CC}"
EndProject
Project("{2150E333-8FDC-42A3-9474-1A3956D46DE8}") = "CrossCutting", "CrossCutting", "{9661916F-445F-41F3-ACA0-4273353CD6A3}"
EndProject
Project("{9A19103F-16F7-4668-BE54-9A1E7A4F7556}") = "TodoWebApiDDD.Infrastructure.CrossCutting.Adapter", "TodoWebApiDDD.Infrastructure.CrossCutting.Adapter\TodoWebApiDDD.Infrastructure.CrossCutting.Adapter.csproj", "{A63BAF17-1ADB-44A0-A87C-ECE61275DCD5}"
EndProject
Project("{9A19103F-16F7-4668-BE54-9A1E7A4F7556}") = "TodoWebApiDDD.Infrastructure.Data", "TodoWebApiDDD.Infrastructure.Data\TodoWebApiDDD.Infrastructure.Data.csproj", "{8CB75ECF-5D15-446E-9551-EA29163EF407}"
EndProject
Project("{9A19103F-16F7-4668-BE54-9A1E7A4F7556}") = "TodoWebApiDDD.Infrastructure.Repository", "TodoWebApiDDD.Infrastructure.Repository\TodoWebApiDDD.Infrastructure.Repository.csproj", "{8C0FE8CE-88BF-4613-86DA-D71D8112ACF6}"
EndProject
Project("{2150E333-8FDC-42A3-9474-1A3956D46DE8}") = "Util", "Util", "{4F8D949D-EEA6-4239-A332-052AF7AAD897}"
EndProject
Project("{FAE04EC0-301F-11D3-BF4B-00C04F79EFBC}") = "TodoWebApiDDD.Util", "TodoWebApiDDD.Util\TodoWebApiDDD.Util.csproj", "{3F9B6B1D-EA99-49CA-9864-7E93CDBC0E9C}"
EndProject
Global
	GlobalSection(SolutionConfigurationPlatforms) = preSolution
		Debug|Any CPU = Debug|Any CPU
		Release|Any CPU = Release|Any CPU
	EndGlobalSection
	GlobalSection(ProjectConfigurationPlatforms) = postSolution
		{F9CFA41D-E5FF-43A5-8CD4-59731B7A22FA}.Debug|Any CPU.ActiveCfg = Debug|Any CPU
		{F9CFA41D-E5FF-43A5-8CD4-59731B7A22FA}.Debug|Any CPU.Build.0 = Debug|Any CPU
		{F9CFA41D-E5FF-43A5-8CD4-59731B7A22FA}.Release|Any CPU.ActiveCfg = Release|Any CPU
		{F9CFA41D-E5FF-43A5-8CD4-59731B7A22FA}.Release|Any CPU.Build.0 = Release|Any CPU
		{DC76B81D-A758-4E0A-B545-8B8BA02C00A9}.Debug|Any CPU.ActiveCfg = Debug|Any CPU
		{DC76B81D-A758-4E0A-B545-8B8BA02C00A9}.Debug|Any CPU.Build.0 = Debug|Any CPU
		{DC76B81D-A758-4E0A-B545-8B8BA02C00A9}.Release|Any CPU.ActiveCfg = Release|Any CPU
		{DC76B81D-A758-4E0A-B545-8B8BA02C00A9}.Release|Any CPU.Build.0 = Release|Any CPU
		{DBFC2108-F8D4-4FCC-BCB5-CFDF24794967}.Debug|Any CPU.ActiveCfg = Debug|Any CPU
		{DBFC2108-F8D4-4FCC-BCB5-CFDF24794967}.Debug|Any CPU.Build.0 = Debug|Any CPU
		{DBFC2108-F8D4-4FCC-BCB5-CFDF24794967}.Release|Any CPU.ActiveCfg = Release|Any CPU
		{DBFC2108-F8D4-4FCC-BCB5-CFDF24794967}.Release|Any CPU.Build.0 = Release|Any CPU
		{BEBA78F8-0A42-41D8-89CC-9A5AF60B1E19}.Debug|Any CPU.ActiveCfg = Debug|Any CPU
		{BEBA78F8-0A42-41D8-89CC-9A5AF60B1E19}.Debug|Any CPU.Build.0 = Debug|Any CPU
		{BEBA78F8-0A42-41D8-89CC-9A5AF60B1E19}.Release|Any CPU.ActiveCfg = Release|Any CPU
		{BEBA78F8-0A42-41D8-89CC-9A5AF60B1E19}.Release|Any CPU.Build.0 = Release|Any CPU
		{4DCA8F78-75E8-4769-8B3B-10DE6DE212EC}.Debug|Any CPU.ActiveCfg = Debug|Any CPU
		{4DCA8F78-75E8-4769-8B3B-10DE6DE212EC}.Debug|Any CPU.Build.0 = Debug|Any CPU
		{4DCA8F78-75E8-4769-8B3B-10DE6DE212EC}.Release|Any CPU.ActiveCfg = Release|Any CPU
		{4DCA8F78-75E8-4769-8B3B-10DE6DE212EC}.Release|Any CPU.Build.0 = Release|Any CPU
		{D9E34A27-98BB-4737-B38D-D63AE2B4C038}.Debug|Any CPU.ActiveCfg = Debug|Any CPU
		{D9E34A27-98BB-4737-B38D-D63AE2B4C038}.Debug|Any CPU.Build.0 = Debug|Any CPU
		{D9E34A27-98BB-4737-B38D-D63AE2B4C038}.Release|Any CPU.ActiveCfg = Release|Any CPU
		{D9E34A27-98BB-4737-B38D-D63AE2B4C038}.Release|Any CPU.Build.0 = Release|Any CPU
		{A63BAF17-1ADB-44A0-A87C-ECE61275DCD5}.Debug|Any CPU.ActiveCfg = Debug|Any CPU
		{A63BAF17-1ADB-44A0-A87C-ECE61275DCD5}.Debug|Any CPU.Build.0 = Debug|Any CPU
		{A63BAF17-1ADB-44A0-A87C-ECE61275DCD5}.Release|Any CPU.ActiveCfg = Release|Any CPU
		{A63BAF17-1ADB-44A0-A87C-ECE61275DCD5}.Release|Any CPU.Build.0 = Release|Any CPU
		{8CB75ECF-5D15-446E-9551-EA29163EF407}.Debug|Any CPU.ActiveCfg = Debug|Any CPU
		{8CB75ECF-5D15-446E-9551-EA29163EF407}.Debug|Any CPU.Build.0 = Debug|Any CPU
		{8CB75ECF-5D15-446E-9551-EA29163EF407}.Release|Any CPU.ActiveCfg = Release|Any CPU
		{8CB75ECF-5D15-446E-9551-EA29163EF407}.Release|Any CPU.Build.0 = Release|Any CPU
		{8C0FE8CE-88BF-4613-86DA-D71D8112ACF6}.Debug|Any CPU.ActiveCfg = Debug|Any CPU
		{8C0FE8CE-88BF-4613-86DA-D71D8112ACF6}.Debug|Any CPU.Build.0 = Debug|Any CPU
		{8C0FE8CE-88BF-4613-86DA-D71D8112ACF6}.Release|Any CPU.ActiveCfg = Release|Any CPU
		{8C0FE8CE-88BF-4613-86DA-D71D8112ACF6}.Release|Any CPU.Build.0 = Release|Any CPU
		{3F9B6B1D-EA99-49CA-9864-7E93CDBC0E9C}.Debug|Any CPU.ActiveCfg = Debug|Any CPU
		{3F9B6B1D-EA99-49CA-9864-7E93CDBC0E9C}.Debug|Any CPU.Build.0 = Debug|Any CPU
		{3F9B6B1D-EA99-49CA-9864-7E93CDBC0E9C}.Release|Any CPU.ActiveCfg = Release|Any CPU
		{3F9B6B1D-EA99-49CA-9864-7E93CDBC0E9C}.Release|Any CPU.Build.0 = Release|Any CPU
	EndGlobalSection
	GlobalSection(SolutionProperties) = preSolution
		HideSolutionNode = FALSE
	EndGlobalSection
	GlobalSection(NestedProjects) = preSolution
		{F9CFA41D-E5FF-43A5-8CD4-59731B7A22FA} = {1410B6DA-BD10-4DAA-99F8-DD7AF0A22D17}
		{DC76B81D-A758-4E0A-B545-8B8BA02C00A9} = {E075DA53-8E4B-4195-BFB9-F37E46855232}
		{DBFC2108-F8D4-4FCC-BCB5-CFDF24794967} = {E075DA53-8E4B-4195-BFB9-F37E46855232}
		{BEBA78F8-0A42-41D8-89CC-9A5AF60B1E19} = {E075DA53-8E4B-4195-BFB9-F37E46855232}
		{4DCA8F78-75E8-4769-8B3B-10DE6DE212EC} = {C0673F56-790E-4A86-84ED-84D6F526F79E}
		{D9E34A27-98BB-4737-B38D-D63AE2B4C038} = {C0673F56-790E-4A86-84ED-84D6F526F79E}
		{21EF11D4-7087-4B4F-8A4F-30A1D959F8CC} = {76399DD8-A529-4968-80B6-3027567B509F}
		{9661916F-445F-41F3-ACA0-4273353CD6A3} = {76399DD8-A529-4968-80B6-3027567B509F}
		{A63BAF17-1ADB-44A0-A87C-ECE61275DCD5} = {9661916F-445F-41F3-ACA0-4273353CD6A3}
		{8CB75ECF-5D15-446E-9551-EA29163EF407} = {21EF11D4-7087-4B4F-8A4F-30A1D959F8CC}
		{8C0FE8CE-88BF-4613-86DA-D71D8112ACF6} = {21EF11D4-7087-4B4F-8A4F-30A1D959F8CC}
		{3F9B6B1D-EA99-49CA-9864-7E93CDBC0E9C} = {4F8D949D-EEA6-4239-A332-052AF7AAD897}
	EndGlobalSection
	GlobalSection(ExtensibilityGlobals) = postSolution
		SolutionGuid = {C343308B-BE8E-4F53-8D16-5BFC3C7ACBAD}
	EndGlobalSection
EndGlobal
